
Microsoft Visual Studio Solution File, Format Version 12.00
# Visual Studio Version 17
VisualStudioVersion = 17.5.002.0
MinimumVisualStudioVersion = 10.0.40219.1
Project("{9A19103F-16F7-4668-BE54-9A1E7A4F7556}") = "TDE8", "TDE8.csproj", "{9E865E7A-D816-4AB8-AAAC-068B053059F7}"
EndProject
Global
	GlobalSection(SolutionConfigurationPlatforms) = preSolution
		Debug|Any CPU = Debug|Any CPU
		Release|Any CPU = Release|Any CPU
	EndGlobalSection
	GlobalSection(ProjectConfigurationPlatforms) = postSolution
		{9E865E7A-D816-4AB8-AAAC-068B053059F7}.Debug|Any CPU.ActiveCfg = Debug|Any CPU
		{9E865E7A-D816-4AB8-AAAC-068B053059F7}.Debug|Any CPU.Build.0 = Debug|Any CPU
		{9E865E7A-D816-4AB8-AAAC-068B053059F7}.Release|Any CPU.ActiveCfg = Release|Any CPU
		{9E865E7A-D816-4AB8-AAAC-068B053059F7}.Release|Any CPU.Build.0 = Release|Any CPU
	EndGlobalSection
	GlobalSection(SolutionProperties) = preSolution
		HideSolutionNode = FALSE
	EndGlobalSection
	GlobalSection(ExtensibilityGlobals) = postSolution
		SolutionGuid = {F6B6C0BE-704F-44BA-A91D-38EB67A969EC}
	EndGlobalSection
EndGlobal
